// !$*UTF8*$!
{
	archiveVersion = 1;
	classes = {
	};
	objectVersion = 55;
	objects = {

/* Begin PBXBuildFile section */
		301696E42898FADD00DD8AA8 /* Scene_CollectionViewCell.swift in Sources */ = {isa = PBXBuildFile; fileRef = 301696E32898FADD00DD8AA8 /* Scene_CollectionViewCell.swift */; };
		301ABDB4289A7E64009E938C /* Child_lock_ViewController.swift in Sources */ = {isa = PBXBuildFile; fileRef = 301ABDB3289A7E64009E938C /* Child_lock_ViewController.swift */; };
		301ABDB6289A7FA8009E938C /* Child_Lock_CollectionViewCell.swift in Sources */ = {isa = PBXBuildFile; fileRef = 301ABDB5289A7FA8009E938C /* Child_Lock_CollectionViewCell.swift */; };
		30314E71289007AA00E85C55 /* AppDelegate.swift in Sources */ = {isa = PBXBuildFile; fileRef = 30314E70289007AA00E85C55 /* AppDelegate.swift */; };
		30314E73289007AA00E85C55 /* SceneDelegate.swift in Sources */ = {isa = PBXBuildFile; fileRef = 30314E72289007AA00E85C55 /* SceneDelegate.swift */; };
		30314E75289007AA00E85C55 /* ViewController.swift in Sources */ = {isa = PBXBuildFile; fileRef = 30314E74289007AA00E85C55 /* ViewController.swift */; };
		30314E78289007AA00E85C55 /* Main.storyboard in Resources */ = {isa = PBXBuildFile; fileRef = 30314E76289007AA00E85C55 /* Main.storyboard */; };
		30314E7A289007AE00E85C55 /* Assets.xcassets in Resources */ = {isa = PBXBuildFile; fileRef = 30314E79289007AE00E85C55 /* Assets.xcassets */; };
		30314E7D289007AE00E85C55 /* LaunchScreen.storyboard in Resources */ = {isa = PBXBuildFile; fileRef = 30314E7B289007AE00E85C55 /* LaunchScreen.storyboard */; };
		30314E862890088F00E85C55 /* awsconfiguration.json in Resources */ = {isa = PBXBuildFile; fileRef = 30314E852890088F00E85C55 /* awsconfiguration.json */; };
		30314E8A289008EB00E85C55 /* Constants.swift in Sources */ = {isa = PBXBuildFile; fileRef = 30314E89289008EB00E85C55 /* Constants.swift */; };
		30314E8C2890098800E85C55 /* Iot_sample_ViewController.swift in Sources */ = {isa = PBXBuildFile; fileRef = 30314E8B2890098800E85C55 /* Iot_sample_ViewController.swift */; };
		303C1FDB28965522001BCC6E /* Dim_CollectionViewCell.swift in Sources */ = {isa = PBXBuildFile; fileRef = 303C1FDA28965522001BCC6E /* Dim_CollectionViewCell.swift */; };
		30F8090828964780006B07BB /* Dim_Config_ViewController.swift in Sources */ = {isa = PBXBuildFile; fileRef = 30F8090728964780006B07BB /* Dim_Config_ViewController.swift */; };
		30FD832D289248F200309CF5 /* CollectionViewCell.swift in Sources */ = {isa = PBXBuildFile; fileRef = 30FD832C289248F200309CF5 /* CollectionViewCell.swift */; };
		B05F7E2C06D6A5549CE01A62 /* Pods_Aws_Test.framework in Frameworks */ = {isa = PBXBuildFile; fileRef = C080E47AEFA0539720B97CAE /* Pods_Aws_Test.framework */; };
/* End PBXBuildFile section */

/* Begin PBXFileReference section */
		301696E32898FADD00DD8AA8 /* Scene_CollectionViewCell.swift */ = {isa = PBXFileReference; lastKnownFileType = sourcecode.swift; path = Scene_CollectionViewCell.swift; sourceTree = "<group>"; };
		301ABDB3289A7E64009E938C /* Child_lock_ViewController.swift */ = {isa = PBXFileReference; lastKnownFileType = sourcecode.swift; path = Child_lock_ViewController.swift; sourceTree = "<group>"; };
		301ABDB5289A7FA8009E938C /* Child_Lock_CollectionViewCell.swift */ = {isa = PBXFileReference; lastKnownFileType = sourcecode.swift; path = Child_Lock_CollectionViewCell.swift; sourceTree = "<group>"; };
		30314E6D289007AA00E85C55 /* Aws Test.app */ = {isa = PBXFileReference; explicitFileType = wrapper.application; includeInIndex = 0; path = "Aws Test.app"; sourceTree = BUILT_PRODUCTS_DIR; };
		30314E70289007AA00E85C55 /* AppDelegate.swift */ = {isa = PBXFileReference; lastKnownFileType = sourcecode.swift; path = AppDelegate.swift; sourceTree = "<group>"; };
		30314E72289007AA00E85C55 /* SceneDelegate.swift */ = {isa = PBXFileReference; lastKnownFileType = sourcecode.swift; path = SceneDelegate.swift; sourceTree = "<group>"; };
		30314E74289007AA00E85C55 /* ViewController.swift */ = {isa = PBXFileReference; lastKnownFileType = sourcecode.swift; path = ViewController.swift; sourceTree = "<group>"; };
		30314E77289007AA00E85C55 /* Base */ = {isa = PBXFileReference; lastKnownFileType = file.storyboard; name = Base; path = Base.lproj/Main.storyboard; sourceTree = "<group>"; };
		30314E79289007AE00E85C55 /* Assets.xcassets */ = {isa = PBXFileReference; lastKnownFileType = folder.assetcatalog; path = Assets.xcassets; sourceTree = "<group>"; };
		30314E7C289007AE00E85C55 /* Base */ = {isa = PBXFileReference; lastKnownFileType = file.storyboard; name = Base; path = Base.lproj/LaunchScreen.storyboard; sourceTree = "<group>"; };
		30314E7E289007AE00E85C55 /* Info.plist */ = {isa = PBXFileReference; lastKnownFileType = text.plist.xml; path = Info.plist; sourceTree = "<group>"; };
		30314E842890088F00E85C55 /* IoTSampleSwift.entitlements */ = {isa = PBXFileReference; fileEncoding = 4; lastKnownFileType = text.plist.entitlements; path = IoTSampleSwift.entitlements; sourceTree = "<group>"; };
		30314E852890088F00E85C55 /* awsconfiguration.json */ = {isa = PBXFileReference; fileEncoding = 4; lastKnownFileType = text.json; path = awsconfiguration.json; sourceTree = "<group>"; };
		30314E89289008EB00E85C55 /* Constants.swift */ = {isa = PBXFileReference; fileEncoding = 4; lastKnownFileType = sourcecode.swift; path = Constants.swift; sourceTree = "<group>"; };
		30314E8B2890098800E85C55 /* Iot_sample_ViewController.swift */ = {isa = PBXFileReference; lastKnownFileType = sourcecode.swift; path = Iot_sample_ViewController.swift; sourceTree = "<group>"; };
		303C1FDA28965522001BCC6E /* Dim_CollectionViewCell.swift */ = {isa = PBXFileReference; lastKnownFileType = sourcecode.swift; path = Dim_CollectionViewCell.swift; sourceTree = "<group>"; };
		30F8090728964780006B07BB /* Dim_Config_ViewController.swift */ = {isa = PBXFileReference; lastKnownFileType = sourcecode.swift; path = Dim_Config_ViewController.swift; sourceTree = "<group>"; };
		30FD832C289248F200309CF5 /* CollectionViewCell.swift */ = {isa = PBXFileReference; lastKnownFileType = sourcecode.swift; path = CollectionViewCell.swift; sourceTree = "<group>"; };
		4B7A943F95C8F4A46784F8DA /* Pods-Aws Test.release.xcconfig */ = {isa = PBXFileReference; includeInIndex = 1; lastKnownFileType = text.xcconfig; name = "Pods-Aws Test.release.xcconfig"; path = "Target Support Files/Pods-Aws Test/Pods-Aws Test.release.xcconfig"; sourceTree = "<group>"; };
		B10075D726F59A7F532E7BEE /* Pods-Aws Test.debug.xcconfig */ = {isa = PBXFileReference; includeInIndex = 1; lastKnownFileType = text.xcconfig; name = "Pods-Aws Test.debug.xcconfig"; path = "Target Support Files/Pods-Aws Test/Pods-Aws Test.debug.xcconfig"; sourceTree = "<group>"; };
		C080E47AEFA0539720B97CAE /* Pods_Aws_Test.framework */ = {isa = PBXFileReference; explicitFileType = wrapper.framework; includeInIndex = 0; path = Pods_Aws_Test.framework; sourceTree = BUILT_PRODUCTS_DIR; };
/* End PBXFileReference section */

/* Begin PBXFrameworksBuildPhase section */
		30314E6A289007AA00E85C55 /* Frameworks */ = {
			isa = PBXFrameworksBuildPhase;
			buildActionMask = 2147483647;
			files = (
				B05F7E2C06D6A5549CE01A62 /* Pods_Aws_Test.framework in Frameworks */,
			);
			runOnlyForDeploymentPostprocessing = 0;
		};
/* End PBXFrameworksBuildPhase section */

/* Begin PBXGroup section */
		15EB65504852311B8D5052EE /* Frameworks */ = {
			isa = PBXGroup;
			children = (
				C080E47AEFA0539720B97CAE /* Pods_Aws_Test.framework */,
			);
			name = Frameworks;
			sourceTree = "<group>";
		};
		30314E64289007AA00E85C55 = {
			isa = PBXGroup;
			children = (
				30314E6F289007AA00E85C55 /* Aws Test */,
				30314E6E289007AA00E85C55 /* Products */,
				65A089B7E10994B1C4982B07 /* Pods */,
				15EB65504852311B8D5052EE /* Frameworks */,
			);
			sourceTree = "<group>";
		};
		30314E6E289007AA00E85C55 /* Products */ = {
			isa = PBXGroup;
			children = (
				30314E6D289007AA00E85C55 /* Aws Test.app */,
			);
			name = Products;
			sourceTree = "<group>";
		};
		30314E6F289007AA00E85C55 /* Aws Test */ = {
			isa = PBXGroup;
			children = (
				30314E852890088F00E85C55 /* awsconfiguration.json */,
				30314E842890088F00E85C55 /* IoTSampleSwift.entitlements */,
				30314E70289007AA00E85C55 /* AppDelegate.swift */,
				30314E72289007AA00E85C55 /* SceneDelegate.swift */,
				30314E89289008EB00E85C55 /* Constants.swift */,
				30314E8B2890098800E85C55 /* Iot_sample_ViewController.swift */,
				30314E74289007AA00E85C55 /* ViewController.swift */,
				30314E76289007AA00E85C55 /* Main.storyboard */,
				301ABDB3289A7E64009E938C /* Child_lock_ViewController.swift */,
				301ABDB5289A7FA8009E938C /* Child_Lock_CollectionViewCell.swift */,
				301696E32898FADD00DD8AA8 /* Scene_CollectionViewCell.swift */,
				30F8090728964780006B07BB /* Dim_Config_ViewController.swift */,
				303C1FDA28965522001BCC6E /* Dim_CollectionViewCell.swift */,
				30FD832C289248F200309CF5 /* CollectionViewCell.swift */,
				30314E79289007AE00E85C55 /* Assets.xcassets */,
				30314E7B289007AE00E85C55 /* LaunchScreen.storyboard */,
				30314E7E289007AE00E85C55 /* Info.plist */,
			);
			path = "Aws Test";
			sourceTree = "<group>";
		};
		65A089B7E10994B1C4982B07 /* Pods */ = {
			isa = PBXGroup;
			children = (
				B10075D726F59A7F532E7BEE /* Pods-Aws Test.debug.xcconfig */,
				4B7A943F95C8F4A46784F8DA /* Pods-Aws Test.release.xcconfig */,
			);
			path = Pods;
			sourceTree = "<group>";
		};
/* End PBXGroup section */

/* Begin PBXNativeTarget section */
		30314E6C289007AA00E85C55 /* Aws Test */ = {
			isa = PBXNativeTarget;
			buildConfigurationList = 30314E81289007AE00E85C55 /* Build configuration list for PBXNativeTarget "Aws Test" */;
			buildPhases = (
				465EB15C82F619B98E349FFD /* [CP] Check Pods Manifest.lock */,
				30314E69289007AA00E85C55 /* Sources */,
				30314E6A289007AA00E85C55 /* Frameworks */,
				30314E6B289007AA00E85C55 /* Resources */,
				5FDC9D1EE614909D06BB31BA /* [CP] Embed Pods Frameworks */,
			);
			buildRules = (
			);
			dependencies = (
			);
			name = "Aws Test";
			productName = "Aws Test";
			productReference = 30314E6D289007AA00E85C55 /* Aws Test.app */;
			productType = "com.apple.product-type.application";
		};
/* End PBXNativeTarget section */

/* Begin PBXProject section */
		30314E65289007AA00E85C55 /* Project object */ = {
			isa = PBXProject;
			attributes = {
				BuildIndependentTargetsInParallel = 1;
				LastSwiftUpdateCheck = 1340;
				LastUpgradeCheck = 1340;
				TargetAttributes = {
					30314E6C289007AA00E85C55 = {
						CreatedOnToolsVersion = 13.4.1;
					};
				};
			};
			buildConfigurationList = 30314E68289007AA00E85C55 /* Build configuration list for PBXProject "Aws Test" */;
			compatibilityVersion = "Xcode 13.0";
			developmentRegion = en;
			hasScannedForEncodings = 0;
			knownRegions = (
				en,
				Base,
			);
			mainGroup = 30314E64289007AA00E85C55;
			productRefGroup = 30314E6E289007AA00E85C55 /* Products */;
			projectDirPath = "";
			projectRoot = "";
			targets = (
				30314E6C289007AA00E85C55 /* Aws Test */,
			);
		};
/* End PBXProject section */

/* Begin PBXResourcesBuildPhase section */
		30314E6B289007AA00E85C55 /* Resources */ = {
			isa = PBXResourcesBuildPhase;
			buildActionMask = 2147483647;
			files = (
				30314E862890088F00E85C55 /* awsconfiguration.json in Resources */,
				30314E7D289007AE00E85C55 /* LaunchScreen.storyboard in Resources */,
				30314E7A289007AE00E85C55 /* Assets.xcassets in Resources */,
				30314E78289007AA00E85C55 /* Main.storyboard in Resources */,
			);
			runOnlyForDeploymentPostprocessing = 0;
		};
/* End PBXResourcesBuildPhase section */

/* Begin PBXShellScriptBuildPhase section */
		465EB15C82F619B98E349FFD /* [CP] Check Pods Manifest.lock */ = {
			isa = PBXShellScriptBuildPhase;
			buildActionMask = 2147483647;
			files = (
			);
			inputFileListPaths = (
			);
			inputPaths = (
				"${PODS_PODFILE_DIR_PATH}/Podfile.lock",
				"${PODS_ROOT}/Manifest.lock",
			);
			name = "[CP] Check Pods Manifest.lock";
			outputFileListPaths = (
			);
			outputPaths = (
				"$(DERIVED_FILE_DIR)/Pods-Aws Test-checkManifestLockResult.txt",
			);
			runOnlyForDeploymentPostprocessing = 0;
			shellPath = /bin/sh;
			shellScript = "diff \"${PODS_PODFILE_DIR_PATH}/Podfile.lock\" \"${PODS_ROOT}/Manifest.lock\" > /dev/null\nif [ $? != 0 ] ; then\n    # print error to STDERR\n    echo \"error: The sandbox is not in sync with the Podfile.lock. Run 'pod install' or update your CocoaPods installation.\" >&2\n    exit 1\nfi\n# This output is used by Xcode 'outputs' to avoid re-running this script phase.\necho \"SUCCESS\" > \"${SCRIPT_OUTPUT_FILE_0}\"\n";
			showEnvVarsInLog = 0;
		};
		5FDC9D1EE614909D06BB31BA /* [CP] Embed Pods Frameworks */ = {
			isa = PBXShellScriptBuildPhase;
			buildActionMask = 2147483647;
			files = (
			);
			inputFileListPaths = (
				"${PODS_ROOT}/Target Support Files/Pods-Aws Test/Pods-Aws Test-frameworks-${CONFIGURATION}-input-files.xcfilelist",
			);
			name = "[CP] Embed Pods Frameworks";
			outputFileListPaths = (
				"${PODS_ROOT}/Target Support Files/Pods-Aws Test/Pods-Aws Test-frameworks-${CONFIGURATION}-output-files.xcfilelist",
			);
			runOnlyForDeploymentPostprocessing = 0;
			shellPath = /bin/sh;
			shellScript = "\"${PODS_ROOT}/Target Support Files/Pods-Aws Test/Pods-Aws Test-frameworks.sh\"\n";
			showEnvVarsInLog = 0;
		};
/* End PBXShellScriptBuildPhase section */

/* Begin PBXSourcesBuildPhase section */
		30314E69289007AA00E85C55 /* Sources */ = {
			isa = PBXSourcesBuildPhase;
			buildActionMask = 2147483647;
			files = (
				30314E75289007AA00E85C55 /* ViewController.swift in Sources */,
				30314E8C2890098800E85C55 /* Iot_sample_ViewController.swift in Sources */,
				30FD832D289248F200309CF5 /* CollectionViewCell.swift in Sources */,
				30314E71289007AA00E85C55 /* AppDelegate.swift in Sources */,
				301ABDB4289A7E64009E938C /* Child_lock_ViewController.swift in Sources */,
				301696E42898FADD00DD8AA8 /* Scene_CollectionViewCell.swift in Sources */,
				30314E73289007AA00E85C55 /* SceneDelegate.swift in Sources */,
				30F8090828964780006B07BB /* Dim_Config_ViewController.swift in Sources */,
				301ABDB6289A7FA8009E938C /* Child_Lock_CollectionViewCell.swift in Sources */,
				30314E8A289008EB00E85C55 /* Constants.swift in Sources */,
				303C1FDB28965522001BCC6E /* Dim_CollectionViewCell.swift in Sources */,
			);
			runOnlyForDeploymentPostprocessing = 0;
		};
/* End PBXSourcesBuildPhase section */

/* Begin PBXVariantGroup section */
		30314E76289007AA00E85C55 /* Main.storyboard */ = {
			isa = PBXVariantGroup;
			children = (
				30314E77289007AA00E85C55 /* Base */,
			);
			name = Main.storyboard;
			sourceTree = "<group>";
		};
		30314E7B289007AE00E85C55 /* LaunchScreen.storyboard */ = {
			isa = PBXVariantGroup;
			children = (
				30314E7C289007AE00E85C55 /* Base */,
			);
			name = LaunchScreen.storyboard;
			sourceTree = "<group>";
		};
/* End PBXVariantGroup section */

/* Begin XCBuildConfiguration section */
		30314E7F289007AE00E85C55 /* Debug */ = {
			isa = XCBuildConfiguration;
			buildSettings = {
				ALWAYS_SEARCH_USER_PATHS = NO;
				CLANG_ANALYZER_NONNULL = YES;
				CLANG_ANALYZER_NUMBER_OBJECT_CONVERSION = YES_AGGRESSIVE;
				CLANG_CXX_LANGUAGE_STANDARD = "gnu++17";
				CLANG_ENABLE_MODULES = YES;
				CLANG_ENABLE_OBJC_ARC = YES;
				CLANG_ENABLE_OBJC_WEAK = YES;
				CLANG_WARN_BLOCK_CAPTURE_AUTORELEASING = YES;
				CLANG_WARN_BOOL_CONVERSION = YES;
				CLANG_WARN_COMMA = YES;
				CLANG_WARN_CONSTANT_CONVERSION = YES;
				CLANG_WARN_DEPRECATED_OBJC_IMPLEMENTATIONS = YES;
				CLANG_WARN_DIRECT_OBJC_ISA_USAGE = YES_ERROR;
				CLANG_WARN_DOCUMENTATION_COMMENTS = YES;
				CLANG_WARN_EMPTY_BODY = YES;
				CLANG_WARN_ENUM_CONVERSION = YES;
				CLANG_WARN_INFINITE_RECURSION = YES;
				CLANG_WARN_INT_CONVERSION = YES;
				CLANG_WARN_NON_LITERAL_NULL_CONVERSION = YES;
				CLANG_WARN_OBJC_IMPLICIT_RETAIN_SELF = YES;
				CLANG_WARN_OBJC_LITERAL_CONVERSION = YES;
				CLANG_WARN_OBJC_ROOT_CLASS = YES_ERROR;
				CLANG_WARN_QUOTED_INCLUDE_IN_FRAMEWORK_HEADER = YES;
				CLANG_WARN_RANGE_LOOP_ANALYSIS = YES;
				CLANG_WARN_STRICT_PROTOTYPES = YES;
				CLANG_WARN_SUSPICIOUS_MOVE = YES;
				CLANG_WARN_UNGUARDED_AVAILABILITY = YES_AGGRESSIVE;
				CLANG_WARN_UNREACHABLE_CODE = YES;
				CLANG_WARN__DUPLICATE_METHOD_MATCH = YES;
				COPY_PHASE_STRIP = NO;
				DEBUG_INFORMATION_FORMAT = dwarf;
				ENABLE_STRICT_OBJC_MSGSEND = YES;
				ENABLE_TESTABILITY = YES;
				GCC_C_LANGUAGE_STANDARD = gnu11;
				GCC_DYNAMIC_NO_PIC = NO;
				GCC_NO_COMMON_BLOCKS = YES;
				GCC_OPTIMIZATION_LEVEL = 0;
				GCC_PREPROCESSOR_DEFINITIONS = (
					"DEBUG=1",
					"$(inherited)",
				);
				GCC_WARN_64_TO_32_BIT_CONVERSION = YES;
				GCC_WARN_ABOUT_RETURN_TYPE = YES_ERROR;
				GCC_WARN_UNDECLARED_SELECTOR = YES;
				GCC_WARN_UNINITIALIZED_AUTOS = YES_AGGRESSIVE;
				GCC_WARN_UNUSED_FUNCTION = YES;
				GCC_WARN_UNUSED_VARIABLE = YES;
				IPHONEOS_DEPLOYMENT_TARGET = 15.5;
				MTL_ENABLE_DEBUG_INFO = INCLUDE_SOURCE;
				MTL_FAST_MATH = YES;
				ONLY_ACTIVE_ARCH = YES;
				SDKROOT = iphoneos;
				SWIFT_ACTIVE_COMPILATION_CONDITIONS = DEBUG;
				SWIFT_OPTIMIZATION_LEVEL = "-Onone";
			};
			name = Debug;
		};
		30314E80289007AE00E85C55 /* Release */ = {
			isa = XCBuildConfiguration;
			buildSettings = {
				ALWAYS_SEARCH_USER_PATHS = NO;
				CLANG_ANALYZER_NONNULL = YES;
				CLANG_ANALYZER_NUMBER_OBJECT_CONVERSION = YES_AGGRESSIVE;
				CLANG_CXX_LANGUAGE_STANDARD = "gnu++17";
				CLANG_ENABLE_MODULES = YES;
				CLANG_ENABLE_OBJC_ARC = YES;
				CLANG_ENABLE_OBJC_WEAK = YES;
				CLANG_WARN_BLOCK_CAPTURE_AUTORELEASING = YES;
				CLANG_WARN_BOOL_CONVERSION = YES;
				CLANG_WARN_COMMA = YES;
				CLANG_WARN_CONSTANT_CONVERSION = YES;
				CLANG_WARN_DEPRECATED_OBJC_IMPLEMENTATIONS = YES;
				CLANG_WARN_DIRECT_OBJC_ISA_USAGE = YES_ERROR;
				CLANG_WARN_DOCUMENTATION_COMMENTS = YES;
				CLANG_WARN_EMPTY_BODY = YES;
				CLANG_WARN_ENUM_CONVERSION = YES;
				CLANG_WARN_INFINITE_RECURSION = YES;
				CLANG_WARN_INT_CONVERSION = YES;
				CLANG_WARN_NON_LITERAL_NULL_CONVERSION = YES;
				CLANG_WARN_OBJC_IMPLICIT_RETAIN_SELF = YES;
				CLANG_WARN_OBJC_LITERAL_CONVERSION = YES;
				CLANG_WARN_OBJC_ROOT_CLASS = YES_ERROR;
				CLANG_WARN_QUOTED_INCLUDE_IN_FRAMEWORK_HEADER = YES;
				CLANG_WARN_RANGE_LOOP_ANALYSIS = YES;
				CLANG_WARN_STRICT_PROTOTYPES = YES;
				CLANG_WARN_SUSPICIOUS_MOVE = YES;
				CLANG_WARN_UNGUARDED_AVAILABILITY = YES_AGGRESSIVE;
				CLANG_WARN_UNREACHABLE_CODE = YES;
				CLANG_WARN__DUPLICATE_METHOD_MATCH = YES;
				COPY_PHASE_STRIP = NO;
				DEBUG_INFORMATION_FORMAT = "dwarf-with-dsym";
				ENABLE_NS_ASSERTIONS = NO;
				ENABLE_STRICT_OBJC_MSGSEND = YES;
				GCC_C_LANGUAGE_STANDARD = gnu11;
				GCC_NO_COMMON_BLOCKS = YES;
				GCC_WARN_64_TO_32_BIT_CONVERSION = YES;
				GCC_WARN_ABOUT_RETURN_TYPE = YES_ERROR;
				GCC_WARN_UNDECLARED_SELECTOR = YES;
				GCC_WARN_UNINITIALIZED_AUTOS = YES_AGGRESSIVE;
				GCC_WARN_UNUSED_FUNCTION = YES;
				GCC_WARN_UNUSED_VARIABLE = YES;
				IPHONEOS_DEPLOYMENT_TARGET = 15.5;
				MTL_ENABLE_DEBUG_INFO = NO;
				MTL_FAST_MATH = YES;
				SDKROOT = iphoneos;
				SWIFT_COMPILATION_MODE = wholemodule;
				SWIFT_OPTIMIZATION_LEVEL = "-O";
				VALIDATE_PRODUCT = YES;
			};
			name = Release;
		};
		30314E82289007AE00E85C55 /* Debug */ = {
			isa = XCBuildConfiguration;
			baseConfigurationReference = B10075D726F59A7F532E7BEE /* Pods-Aws Test.debug.xcconfig */;
			buildSettings = {
				ASSETCATALOG_COMPILER_APPICON_NAME = AppIcon;
				ASSETCATALOG_COMPILER_GLOBAL_ACCENT_COLOR_NAME = AccentColor;
				CODE_SIGN_STYLE = Automatic;
				CURRENT_PROJECT_VERSION = 1;
				DEVELOPMENT_TEAM = 9A2A49DNMZ;
				GENERATE_INFOPLIST_FILE = YES;
				INFOPLIST_FILE = "Aws Test/Info.plist";
				INFOPLIST_KEY_UIApplicationSupportsIndirectInputEvents = YES;
				INFOPLIST_KEY_UILaunchStoryboardName = LaunchScreen;
				INFOPLIST_KEY_UIMainStoryboardFile = Main;
				INFOPLIST_KEY_UISupportedInterfaceOrientations = UIInterfaceOrientationPortrait;
				INFOPLIST_KEY_UISupportedInterfaceOrientations_iPad = "UIInterfaceOrientationPortrait UIInterfaceOrientationPortraitUpsideDown UIInterfaceOrientationLandscapeLeft UIInterfaceOrientationLandscapeRight";
				INFOPLIST_KEY_UISupportedInterfaceOrientations_iPhone = "UIInterfaceOrientationPortrait UIInterfaceOrientationLandscapeLeft UIInterfaceOrientationLandscapeRight";
				LD_RUNPATH_SEARCH_PATHS = (
					"$(inherited)",
					"@executable_path/Frameworks",
				);
				MARKETING_VERSION = 1.0;
				PRODUCT_BUNDLE_IDENTIFIER = "Mohit-Andhare.Aws-Test";
				PRODUCT_NAME = "$(TARGET_NAME)";
				SWIFT_EMIT_LOC_STRINGS = YES;
				SWIFT_VERSION = 5.0;
				TARGETED_DEVICE_FAMILY = "1,2";
			};
			name = Debug;
		};
		30314E83289007AE00E85C55 /* Release */ = {
			isa = XCBuildConfiguration;
			baseConfigurationReference = 4B7A943F95C8F4A46784F8DA /* Pods-Aws Test.release.xcconfig */;
			buildSettings = {
				ASSETCATALOG_COMPILER_APPICON_NAME = AppIcon;
				ASSETCATALOG_COMPILER_GLOBAL_ACCENT_COLOR_NAME = AccentColor;
				CODE_SIGN_STYLE = Automatic;
				CURRENT_PROJECT_VERSION = 1;
				DEVELOPMENT_TEAM = 9A2A49DNMZ;
				GENERATE_INFOPLIST_FILE = YES;
				INFOPLIST_FILE = "Aws Test/Info.plist";
				INFOPLIST_KEY_UIApplicationSupportsIndirectInputEvents = YES;
				INFOPLIST_KEY_UILaunchStoryboardName = LaunchScreen;
				INFOPLIST_KEY_UIMainStoryboardFile = Main;
				INFOPLIST_KEY_UISupportedInterfaceOrientations = UIInterfaceOrientationPortrait;
				INFOPLIST_KEY_UISupportedInterfaceOrientations_iPad = "UIInterfaceOrientationPortrait UIInterfaceOrientationPortraitUpsideDown UIInterfaceOrientationLandscapeLeft UIInterfaceOrientationLandscapeRight";
				INFOPLIST_KEY_UISupportedInterfaceOrientations_iPhone = "UIInterfaceOrientationPortrait UIInterfaceOrientationLandscapeLeft UIInterfaceOrientationLandscapeRight";
				LD_RUNPATH_SEARCH_PATHS = (
					"$(inherited)",
					"@executable_path/Frameworks",
				);
				MARKETING_VERSION = 1.0;
				PRODUCT_BUNDLE_IDENTIFIER = "Mohit-Andhare.Aws-Test";
				PRODUCT_NAME = "$(TARGET_NAME)";
				SWIFT_EMIT_LOC_STRINGS = YES;
				SWIFT_VERSION = 5.0;
				TARGETED_DEVICE_FAMILY = "1,2";
			};
			name = Release;
		};
/* End XCBuildConfiguration section */

/* Begin XCConfigurationList section */
		30314E68289007AA00E85C55 /* Build configuration list for PBXProject "Aws Test" */ = {
			isa = XCConfigurationList;
			buildConfigurations = (
				30314E7F289007AE00E85C55 /* Debug */,
				30314E80289007AE00E85C55 /* Release */,
			);
			defaultConfigurationIsVisible = 0;
			defaultConfigurationName = Release;
		};
		30314E81289007AE00E85C55 /* Build configuration list for PBXNativeTarget "Aws Test" */ = {
			isa = XCConfigurationList;
			buildConfigurations = (
				30314E82289007AE00E85C55 /* Debug */,
				30314E83289007AE00E85C55 /* Release */,
			);
			defaultConfigurationIsVisible = 0;
			defaultConfigurationName = Release;
		};
/* End XCConfigurationList section */
	};
	rootObject = 30314E65289007AA00E85C55 /* Project object */;
}
